
Microsoft Visual Studio Solution File, Format Version 12.00
# Visual Studio Version 16
VisualStudioVersion = 16.0.30128.74
MinimumVisualStudioVersion = 10.0.40219.1
Project("{FAE04EC0-301F-11D3-BF4B-00C04F79EFBC}") = "GuessTheMelody", "GuessTheMelody.csproj", "{5A8D35B5-EE69-4304-A325-7CADE029D6EA}"
EndProject
Global
	GlobalSection(SolutionConfigurationPlatforms) = preSolution
		Debug|Any CPU = Debug|Any CPU
		Release|Any CPU = Release|Any CPU
	EndGlobalSection
	GlobalSection(ProjectConfigurationPlatforms) = postSolution
		{5A8D35B5-EE69-4304-A325-7CADE029D6EA}.Debug|Any CPU.ActiveCfg = Debug|Any CPU
		{5A8D35B5-EE69-4304-A325-7CADE029D6EA}.Debug|Any CPU.Build.0 = Debug|Any CPU
		{5A8D35B5-EE69-4304-A325-7CADE029D6EA}.Release|Any CPU.ActiveCfg = Release|Any CPU
		{5A8D35B5-EE69-4304-A325-7CADE029D6EA}.Release|Any CPU.Build.0 = Release|Any CPU
	EndGlobalSection
	GlobalSection(SolutionProperties) = preSolution
		HideSolutionNode = FALSE
	EndGlobalSection
	GlobalSection(ExtensibilityGlobals) = postSolution
		SolutionGuid = {F7BABEE7-57C9-4898-9FF1-031C39A80391}
	EndGlobalSection
EndGlobal
